{
  "lockfileVersion": 1,
  "workspaces": {
    "": {
      "name": "viyv-llm-gateway",
      "dependencies": {
        "hono": "^4.7.4",
      },
    },
  },
  "packages": {
    "hono": ["hono@4.7.7", "", {}, "sha512-2PCpQRbN87Crty8/L/7akZN3UyZIAopSoRxCwRbJgUuV1+MHNFHzYFxZTg4v/03cXUm+jce/qa2VSBZpKBm3Qw=="],
  }
}
